
Microsoft Visual Studio Solution File, Format Version 12.00
# Visual Studio Version 17
VisualStudioVersion = 17.0.31903.59
MinimumVisualStudioVersion = 10.0.40219.1
Project("{888888A0-9F3D-457C-B088-3A5042F75D52}") = "test forecaster", "test forecaster\test forecaster.pyproj", "{BDF3742C-EDB8-4BCF-95EC-83CF793DB0CE}"
EndProject
Global
	GlobalSection(SolutionConfigurationPlatforms) = preSolution
		Debug|Any CPU = Debug|Any CPU
		Release|Any CPU = Release|Any CPU
	EndGlobalSection
	GlobalSection(ProjectConfigurationPlatforms) = postSolution
		{BDF3742C-EDB8-4BCF-95EC-83CF793DB0CE}.Debug|Any CPU.ActiveCfg = Debug|Any CPU
		{BDF3742C-EDB8-4BCF-95EC-83CF793DB0CE}.Release|Any CPU.ActiveCfg = Release|Any CPU
	EndGlobalSection
	GlobalSection(SolutionProperties) = preSolution
		HideSolutionNode = FALSE
	EndGlobalSection
	GlobalSection(ExtensibilityGlobals) = postSolution
		SolutionGuid = {3EBE0495-7770-4F32-8473-1B5D869071E0}
	EndGlobalSection
EndGlobal
